
Microsoft Visual Studio Solution File, Format Version 12.00
# Visual Studio Version 16
VisualStudioVersion = 16.0.30011.22
MinimumVisualStudioVersion = 10.0.40219.1
Project("{FAE04EC0-301F-11D3-BF4B-00C04F79EFBC}") = "vendingmachine1", "vendingmachine1.csproj", "{EC815DAA-C602-4C96-B06A-44B574FE08C3}"
EndProject
Global
	GlobalSection(SolutionConfigurationPlatforms) = preSolution
		Debug|Any CPU = Debug|Any CPU
		Release|Any CPU = Release|Any CPU
	EndGlobalSection
	GlobalSection(ProjectConfigurationPlatforms) = postSolution
		{EC815DAA-C602-4C96-B06A-44B574FE08C3}.Debug|Any CPU.ActiveCfg = Debug|Any CPU
		{EC815DAA-C602-4C96-B06A-44B574FE08C3}.Debug|Any CPU.Build.0 = Debug|Any CPU
		{EC815DAA-C602-4C96-B06A-44B574FE08C3}.Release|Any CPU.ActiveCfg = Release|Any CPU
		{EC815DAA-C602-4C96-B06A-44B574FE08C3}.Release|Any CPU.Build.0 = Release|Any CPU
	EndGlobalSection
	GlobalSection(SolutionProperties) = preSolution
		HideSolutionNode = FALSE
	EndGlobalSection
	GlobalSection(ExtensibilityGlobals) = postSolution
		SolutionGuid = {7CC0B30A-5B5D-4449-8589-65E9A514153B}
	EndGlobalSection
EndGlobal
